
Microsoft Visual Studio Solution File, Format Version 12.00
# Visual Studio Version 17
VisualStudioVersion = 17.5.33530.505
MinimumVisualStudioVersion = 10.0.40219.1
Project("{FAE04EC0-301F-11D3-BF4B-00C04F79EFBC}") = "PaintingProgram", "PaintingProgram\PaintingProgram.csproj", "{9AB782C1-CEA6-47E1-A542-B8A57D165B13}"
EndProject
Global
	GlobalSection(SolutionConfigurationPlatforms) = preSolution
		Debug|Any CPU = Debug|Any CPU
		Release|Any CPU = Release|Any CPU
	EndGlobalSection
	GlobalSection(ProjectConfigurationPlatforms) = postSolution
		{9AB782C1-CEA6-47E1-A542-B8A57D165B13}.Debug|Any CPU.ActiveCfg = Debug|Any CPU
		{9AB782C1-CEA6-47E1-A542-B8A57D165B13}.Debug|Any CPU.Build.0 = Debug|Any CPU
		{9AB782C1-CEA6-47E1-A542-B8A57D165B13}.Release|Any CPU.ActiveCfg = Release|Any CPU
		{9AB782C1-CEA6-47E1-A542-B8A57D165B13}.Release|Any CPU.Build.0 = Release|Any CPU
	EndGlobalSection
	GlobalSection(SolutionProperties) = preSolution
		HideSolutionNode = FALSE
	EndGlobalSection
	GlobalSection(ExtensibilityGlobals) = postSolution
		SolutionGuid = {0C10829C-EA26-4D54-9512-B3AB94009F56}
	EndGlobalSection
EndGlobal
